
Microsoft Visual Studio Solution File, Format Version 12.00
# Visual Studio Version 17
VisualStudioVersion = 17.2.32526.322
MinimumVisualStudioVersion = 10.0.40219.1
Project("{9A19103F-16F7-4668-BE54-9A1E7A4F7556}") = "Worker", "Worker\Worker.csproj", "{56468C76-2873-43E0-9BC9-050D6CED81BE}"
EndProject
Project("{9A19103F-16F7-4668-BE54-9A1E7A4F7556}") = "Core", "Core\Core.csproj", "{87041115-8BD1-4375-B6B1-62701836DA3C}"
EndProject
Project("{FAE04EC0-301F-11D3-BF4B-00C04F79EFBC}") = "Infrastructure", "Infrastructure\Infrastructure.csproj", "{C7BE04C3-252D-4C42-92B0-4354793DB5EC}"
EndProject
Global
	GlobalSection(SolutionConfigurationPlatforms) = preSolution
		Debug|Any CPU = Debug|Any CPU
		Release|Any CPU = Release|Any CPU
	EndGlobalSection
	GlobalSection(ProjectConfigurationPlatforms) = postSolution
		{56468C76-2873-43E0-9BC9-050D6CED81BE}.Debug|Any CPU.ActiveCfg = Debug|Any CPU
		{56468C76-2873-43E0-9BC9-050D6CED81BE}.Debug|Any CPU.Build.0 = Debug|Any CPU
		{56468C76-2873-43E0-9BC9-050D6CED81BE}.Release|Any CPU.ActiveCfg = Release|Any CPU
		{56468C76-2873-43E0-9BC9-050D6CED81BE}.Release|Any CPU.Build.0 = Release|Any CPU
		{87041115-8BD1-4375-B6B1-62701836DA3C}.Debug|Any CPU.ActiveCfg = Debug|Any CPU
		{87041115-8BD1-4375-B6B1-62701836DA3C}.Debug|Any CPU.Build.0 = Debug|Any CPU
		{87041115-8BD1-4375-B6B1-62701836DA3C}.Release|Any CPU.ActiveCfg = Release|Any CPU
		{87041115-8BD1-4375-B6B1-62701836DA3C}.Release|Any CPU.Build.0 = Release|Any CPU
		{C7BE04C3-252D-4C42-92B0-4354793DB5EC}.Debug|Any CPU.ActiveCfg = Debug|Any CPU
		{C7BE04C3-252D-4C42-92B0-4354793DB5EC}.Debug|Any CPU.Build.0 = Debug|Any CPU
		{C7BE04C3-252D-4C42-92B0-4354793DB5EC}.Release|Any CPU.ActiveCfg = Release|Any CPU
		{C7BE04C3-252D-4C42-92B0-4354793DB5EC}.Release|Any CPU.Build.0 = Release|Any CPU
	EndGlobalSection
	GlobalSection(SolutionProperties) = preSolution
		HideSolutionNode = FALSE
	EndGlobalSection
	GlobalSection(ExtensibilityGlobals) = postSolution
		SolutionGuid = {90C3C44D-0FB3-4B5F-BFA9-6392A5C8A4D8}
	EndGlobalSection
EndGlobal
